
Microsoft Visual Studio Solution File, Format Version 12.00
# Visual Studio Version 17
VisualStudioVersion = 17.0.31903.59
MinimumVisualStudioVersion = 10.0.40219.1
Project("{2150E333-8FDC-42A3-9474-1A3956D46DE8}") = "src", "src", "{09794EB2-996A-4A13-96DB-D48F0226A4CF}"
EndProject
Project("{FAE04EC0-301F-11D3-BF4B-00C04F79EFBC}") = "TicketManager", "src\TicketManager\TicketManager.csproj", "{B007A82D-EA3D-4C94-8BD6-2F8D7CFEFFC5}"
EndProject
Project("{2150E333-8FDC-42A3-9474-1A3956D46DE8}") = "tools", "tools", "{E1AC983B-C3BB-49B3-B78C-AD48C53D73BF}"
EndProject
Project("{FAE04EC0-301F-11D3-BF4B-00C04F79EFBC}") = "ImapProbe", "tools\ImapProbe\ImapProbe.csproj", "{440C27B1-A997-4BD1-A488-EBA2D264FD7C}"
EndProject
Project("{FAE04EC0-301F-11D3-BF4B-00C04F79EFBC}") = "IconGen", "tools\IconGen\IconGen.csproj", "{9EBB51F9-47A5-4058-8EAF-CD555A54AB13}"
EndProject
Project("{FAE04EC0-301F-11D3-BF4B-00C04F79EFBC}") = "ZohoProbe", "tools\ZohoProbe\ZohoProbe.csproj", "{79A2EDD1-C2E5-47A6-9189-D498A22ACDA4}"
EndProject
Project("{FAE04EC0-301F-11D3-BF4B-00C04F79EFBC}") = "ThreadProbe", "tools\ThreadProbe\ThreadProbe.csproj", "{DFE28F91-C206-4DC1-94EF-BEDC5BAF72FE}"
EndProject
Project("{FAE04EC0-301F-11D3-BF4B-00C04F79EFBC}") = "AiProbe", "tools\AiProbe\AiProbe.csproj", "{CC9BF79B-AC6E-4369-B697-D0E6C2B6B376}"
EndProject
Project("{FAE04EC0-301F-11D3-BF4B-00C04F79EFBC}") = "MdmProbe", "tools\MdmProbe\MdmProbe.csproj", "{6A70A51C-C5B2-4ADB-BCBA-B6138972946A}"
EndProject
Project("{FAE04EC0-301F-11D3-BF4B-00C04F79EFBC}") = "MetaProbe", "tools\MetaProbe\MetaProbe.csproj", "{947FA76E-F69A-4A29-A648-D4165D34E4A7}"
EndProject
Project("{FAE04EC0-301F-11D3-BF4B-00C04F79EFBC}") = "SetMetaProbe", "tools\SetMetaProbe\SetMetaProbe.csproj", "{8A44654A-C499-4D90-A1C1-D9162A90E2DB}"
EndProject
Project("{FAE04EC0-301F-11D3-BF4B-00C04F79EFBC}") = "ExpandProbe", "tools\ExpandProbe\ExpandProbe.csproj", "{F23098F7-340A-4F09-B878-5C1EEA68608E}"
EndProject
Project("{FAE04EC0-301F-11D3-BF4B-00C04F79EFBC}") = "ExpMigrateProbe", "tools\ExpMigrateProbe\ExpMigrateProbe.csproj", "{4105A4DC-AD84-4541-A7FF-80FC2A018955}"
EndProject
Project("{FAE04EC0-301F-11D3-BF4B-00C04F79EFBC}") = "TimeProbe", "tools\TimeProbe\TimeProbe.csproj", "{DCCA1DF1-E302-4438-A8FD-BBAEF8CB0E83}"
EndProject
Global
	GlobalSection(SolutionConfigurationPlatforms) = preSolution
		Debug|Any CPU = Debug|Any CPU
		Release|Any CPU = Release|Any CPU
	EndGlobalSection
	GlobalSection(ProjectConfigurationPlatforms) = postSolution
		{B007A82D-EA3D-4C94-8BD6-2F8D7CFEFFC5}.Debug|Any CPU.ActiveCfg = Debug|Any CPU
		{B007A82D-EA3D-4C94-8BD6-2F8D7CFEFFC5}.Debug|Any CPU.Build.0 = Debug|Any CPU
		{B007A82D-EA3D-4C94-8BD6-2F8D7CFEFFC5}.Release|Any CPU.ActiveCfg = Release|Any CPU
		{B007A82D-EA3D-4C94-8BD6-2F8D7CFEFFC5}.Release|Any CPU.Build.0 = Release|Any CPU
		{440C27B1-A997-4BD1-A488-EBA2D264FD7C}.Debug|Any CPU.ActiveCfg = Debug|Any CPU
		{440C27B1-A997-4BD1-A488-EBA2D264FD7C}.Debug|Any CPU.Build.0 = Debug|Any CPU
		{440C27B1-A997-4BD1-A488-EBA2D264FD7C}.Release|Any CPU.ActiveCfg = Release|Any CPU
		{440C27B1-A997-4BD1-A488-EBA2D264FD7C}.Release|Any CPU.Build.0 = Release|Any CPU
		{9EBB51F9-47A5-4058-8EAF-CD555A54AB13}.Debug|Any CPU.ActiveCfg = Debug|Any CPU
		{9EBB51F9-47A5-4058-8EAF-CD555A54AB13}.Debug|Any CPU.Build.0 = Debug|Any CPU
		{9EBB51F9-47A5-4058-8EAF-CD555A54AB13}.Release|Any CPU.ActiveCfg = Release|Any CPU
		{9EBB51F9-47A5-4058-8EAF-CD555A54AB13}.Release|Any CPU.Build.0 = Release|Any CPU
		{79A2EDD1-C2E5-47A6-9189-D498A22ACDA4}.Debug|Any CPU.ActiveCfg = Debug|Any CPU
		{79A2EDD1-C2E5-47A6-9189-D498A22ACDA4}.Debug|Any CPU.Build.0 = Debug|Any CPU
		{79A2EDD1-C2E5-47A6-9189-D498A22ACDA4}.Release|Any CPU.ActiveCfg = Release|Any CPU
		{79A2EDD1-C2E5-47A6-9189-D498A22ACDA4}.Release|Any CPU.Build.0 = Release|Any CPU
		{DFE28F91-C206-4DC1-94EF-BEDC5BAF72FE}.Debug|Any CPU.ActiveCfg = Debug|Any CPU
		{DFE28F91-C206-4DC1-94EF-BEDC5BAF72FE}.Debug|Any CPU.Build.0 = Debug|Any CPU
		{DFE28F91-C206-4DC1-94EF-BEDC5BAF72FE}.Release|Any CPU.ActiveCfg = Release|Any CPU
		{DFE28F91-C206-4DC1-94EF-BEDC5BAF72FE}.Release|Any CPU.Build.0 = Release|Any CPU
		{CC9BF79B-AC6E-4369-B697-D0E6C2B6B376}.Debug|Any CPU.ActiveCfg = Debug|Any CPU
		{CC9BF79B-AC6E-4369-B697-D0E6C2B6B376}.Debug|Any CPU.Build.0 = Debug|Any CPU
		{CC9BF79B-AC6E-4369-B697-D0E6C2B6B376}.Release|Any CPU.ActiveCfg = Release|Any CPU
		{CC9BF79B-AC6E-4369-B697-D0E6C2B6B376}.Release|Any CPU.Build.0 = Release|Any CPU
		{6A70A51C-C5B2-4ADB-BCBA-B6138972946A}.Debug|Any CPU.ActiveCfg = Debug|Any CPU
		{6A70A51C-C5B2-4ADB-BCBA-B6138972946A}.Debug|Any CPU.Build.0 = Debug|Any CPU
		{6A70A51C-C5B2-4ADB-BCBA-B6138972946A}.Release|Any CPU.ActiveCfg = Release|Any CPU
		{6A70A51C-C5B2-4ADB-BCBA-B6138972946A}.Release|Any CPU.Build.0 = Release|Any CPU
		{947FA76E-F69A-4A29-A648-D4165D34E4A7}.Debug|Any CPU.ActiveCfg = Debug|Any CPU
		{947FA76E-F69A-4A29-A648-D4165D34E4A7}.Debug|Any CPU.Build.0 = Debug|Any CPU
		{947FA76E-F69A-4A29-A648-D4165D34E4A7}.Release|Any CPU.ActiveCfg = Release|Any CPU
		{947FA76E-F69A-4A29-A648-D4165D34E4A7}.Release|Any CPU.Build.0 = Release|Any CPU
		{8A44654A-C499-4D90-A1C1-D9162A90E2DB}.Debug|Any CPU.ActiveCfg = Debug|Any CPU
		{8A44654A-C499-4D90-A1C1-D9162A90E2DB}.Debug|Any CPU.Build.0 = Debug|Any CPU
		{8A44654A-C499-4D90-A1C1-D9162A90E2DB}.Release|Any CPU.ActiveCfg = Release|Any CPU
		{8A44654A-C499-4D90-A1C1-D9162A90E2DB}.Release|Any CPU.Build.0 = Release|Any CPU
		{F23098F7-340A-4F09-B878-5C1EEA68608E}.Debug|Any CPU.ActiveCfg = Debug|Any CPU
		{F23098F7-340A-4F09-B878-5C1EEA68608E}.Debug|Any CPU.Build.0 = Debug|Any CPU
		{F23098F7-340A-4F09-B878-5C1EEA68608E}.Release|Any CPU.ActiveCfg = Release|Any CPU
		{F23098F7-340A-4F09-B878-5C1EEA68608E}.Release|Any CPU.Build.0 = Release|Any CPU
		{4105A4DC-AD84-4541-A7FF-80FC2A018955}.Debug|Any CPU.ActiveCfg = Debug|Any CPU
		{4105A4DC-AD84-4541-A7FF-80FC2A018955}.Debug|Any CPU.Build.0 = Debug|Any CPU
		{4105A4DC-AD84-4541-A7FF-80FC2A018955}.Release|Any CPU.ActiveCfg = Release|Any CPU
		{4105A4DC-AD84-4541-A7FF-80FC2A018955}.Release|Any CPU.Build.0 = Release|Any CPU
		{DCCA1DF1-E302-4438-A8FD-BBAEF8CB0E83}.Debug|Any CPU.ActiveCfg = Debug|Any CPU
		{DCCA1DF1-E302-4438-A8FD-BBAEF8CB0E83}.Debug|Any CPU.Build.0 = Debug|Any CPU
		{DCCA1DF1-E302-4438-A8FD-BBAEF8CB0E83}.Release|Any CPU.ActiveCfg = Release|Any CPU
		{DCCA1DF1-E302-4438-A8FD-BBAEF8CB0E83}.Release|Any CPU.Build.0 = Release|Any CPU
	EndGlobalSection
	GlobalSection(SolutionProperties) = preSolution
		HideSolutionNode = FALSE
	EndGlobalSection
	GlobalSection(NestedProjects) = preSolution
		{B007A82D-EA3D-4C94-8BD6-2F8D7CFEFFC5} = {09794EB2-996A-4A13-96DB-D48F0226A4CF}
		{440C27B1-A997-4BD1-A488-EBA2D264FD7C} = {E1AC983B-C3BB-49B3-B78C-AD48C53D73BF}
		{9EBB51F9-47A5-4058-8EAF-CD555A54AB13} = {E1AC983B-C3BB-49B3-B78C-AD48C53D73BF}
		{79A2EDD1-C2E5-47A6-9189-D498A22ACDA4} = {E1AC983B-C3BB-49B3-B78C-AD48C53D73BF}
		{DFE28F91-C206-4DC1-94EF-BEDC5BAF72FE} = {E1AC983B-C3BB-49B3-B78C-AD48C53D73BF}
		{CC9BF79B-AC6E-4369-B697-D0E6C2B6B376} = {E1AC983B-C3BB-49B3-B78C-AD48C53D73BF}
		{6A70A51C-C5B2-4ADB-BCBA-B6138972946A} = {E1AC983B-C3BB-49B3-B78C-AD48C53D73BF}
		{947FA76E-F69A-4A29-A648-D4165D34E4A7} = {E1AC983B-C3BB-49B3-B78C-AD48C53D73BF}
		{8A44654A-C499-4D90-A1C1-D9162A90E2DB} = {E1AC983B-C3BB-49B3-B78C-AD48C53D73BF}
		{F23098F7-340A-4F09-B878-5C1EEA68608E} = {E1AC983B-C3BB-49B3-B78C-AD48C53D73BF}
		{4105A4DC-AD84-4541-A7FF-80FC2A018955} = {E1AC983B-C3BB-49B3-B78C-AD48C53D73BF}
		{DCCA1DF1-E302-4438-A8FD-BBAEF8CB0E83} = {E1AC983B-C3BB-49B3-B78C-AD48C53D73BF}
	EndGlobalSection
EndGlobal
